
Microsoft Visual Studio Solution File, Format Version 11.00
# Visual Studio 2010
# SharpDevelop 4.2.0.8783
Project("{FAE04EC0-301F-11D3-BF4B-00C04F79EFBC}") = "Compare_2_Revit_Files", "Compare_2_Revit_Files\Compare_2_Revit_Files.csproj", "{0E5F5356-92F0-49B5-B89D-FB5CBF8E5926}"
EndProject
Global
	GlobalSection(SolutionConfigurationPlatforms) = preSolution
		Debug|Any CPU = Debug|Any CPU
		Release|Any CPU = Release|Any CPU
	EndGlobalSection
	GlobalSection(ProjectConfigurationPlatforms) = postSolution
		{0E5F5356-92F0-49B5-B89D-FB5CBF8E5926}.Debug|Any CPU.Build.0 = Debug|Any CPU
		{0E5F5356-92F0-49B5-B89D-FB5CBF8E5926}.Debug|Any CPU.ActiveCfg = Debug|Any CPU
		{0E5F5356-92F0-49B5-B89D-FB5CBF8E5926}.Release|Any CPU.Build.0 = Release|Any CPU
		{0E5F5356-92F0-49B5-B89D-FB5CBF8E5926}.Release|Any CPU.ActiveCfg = Release|Any CPU
	EndGlobalSection
EndGlobal
